
Microsoft Visual Studio Solution File, Format Version 12.00
Project("{9A19103F-16F7-4668-BE54-9A1E7A4F7556}") = "Host", "src\Host\Host.csproj", "{7B66167B-5A80-4CCC-A9A5-D8B51CC7C5CB}"
EndProject
Project("{9A19103F-16F7-4668-BE54-9A1E7A4F7556}") = "WebApi", "src\WebApi\WebApi.csproj", "{F8C39E85-2C4A-4FFF-B4B3-91C38DEFCE87}"
EndProject
Project("{2150E333-8FDC-42A3-9474-1A3956D46DE8}") = "src", "src", "{C435B349-741F-4E58-A9CD-9E1A606E8BE3}"
EndProject
Project("{2150E333-8FDC-42A3-9474-1A3956D46DE8}") = "Solution files", "Solution files", "{1AF0C749-970D-47E6-BB76-86C9FBCA5E59}"
	ProjectSection(SolutionItems) = preProject
		global.json = global.json
		.gitignore = .gitignore
		Directory.Build.props = Directory.Build.props
		Directory.Packages.props = Directory.Packages.props
		env.yml = env.yml
		README.md = README.md
	EndProjectSection
EndProject
Project("{9A19103F-16F7-4668-BE54-9A1E7A4F7556}") = "SignalRApi", "src\SignalRApi\SignalRApi.csproj", "{D889FBE3-8807-478A-8DE0-97BD97D17E94}"
EndProject
Project("{9A19103F-16F7-4668-BE54-9A1E7A4F7556}") = "Domain", "src\Domain\Domain.csproj", "{FAD3007C-FF31-4FF8-8757-615809B94BEE}"
EndProject
Project("{9A19103F-16F7-4668-BE54-9A1E7A4F7556}") = "Data", "src\Data\Data.csproj", "{212CFA87-317C-4B6F-9255-22691097EC26}"
EndProject
Project("{9A19103F-16F7-4668-BE54-9A1E7A4F7556}") = "Data.Migrations", "src\Data.Migrations\Data.Migrations.csproj", "{C937B7D2-64F7-448E-8B49-2A3118196D62}"
EndProject
Project("{9A19103F-16F7-4668-BE54-9A1E7A4F7556}") = "Application", "src\Application\Application.csproj", "{D1856ACB-5A90-4D16-B720-C1104EC34CA6}"
EndProject
Project("{9A19103F-16F7-4668-BE54-9A1E7A4F7556}") = "Client", "src\Client\Client.csproj", "{690D8B65-6A07-4D45-B7F0-6C31452ECFF7}"
EndProject
Project("{9A19103F-16F7-4668-BE54-9A1E7A4F7556}") = "Models", "src\Models\Models.csproj", "{E1E6E94A-535F-4B72-BBA0-0664C25C1F9F}"
EndProject
Project("{9A19103F-16F7-4668-BE54-9A1E7A4F7556}") = "Services", "src\Services\Services.csproj", "{2B9DF272-AAEA-4ABC-8998-7DBF42E15622}"
EndProject
Global
	GlobalSection(SolutionConfigurationPlatforms) = preSolution
		Debug|Any CPU = Debug|Any CPU
		Release|Any CPU = Release|Any CPU
	EndGlobalSection
	GlobalSection(ProjectConfigurationPlatforms) = postSolution
		{7B66167B-5A80-4CCC-A9A5-D8B51CC7C5CB}.Debug|Any CPU.ActiveCfg = Debug|Any CPU
		{7B66167B-5A80-4CCC-A9A5-D8B51CC7C5CB}.Debug|Any CPU.Build.0 = Debug|Any CPU
		{7B66167B-5A80-4CCC-A9A5-D8B51CC7C5CB}.Release|Any CPU.ActiveCfg = Release|Any CPU
		{7B66167B-5A80-4CCC-A9A5-D8B51CC7C5CB}.Release|Any CPU.Build.0 = Release|Any CPU
		{F8C39E85-2C4A-4FFF-B4B3-91C38DEFCE87}.Debug|Any CPU.ActiveCfg = Debug|Any CPU
		{F8C39E85-2C4A-4FFF-B4B3-91C38DEFCE87}.Debug|Any CPU.Build.0 = Debug|Any CPU
		{F8C39E85-2C4A-4FFF-B4B3-91C38DEFCE87}.Release|Any CPU.ActiveCfg = Release|Any CPU
		{F8C39E85-2C4A-4FFF-B4B3-91C38DEFCE87}.Release|Any CPU.Build.0 = Release|Any CPU
		{D889FBE3-8807-478A-8DE0-97BD97D17E94}.Debug|Any CPU.ActiveCfg = Debug|Any CPU
		{D889FBE3-8807-478A-8DE0-97BD97D17E94}.Debug|Any CPU.Build.0 = Debug|Any CPU
		{D889FBE3-8807-478A-8DE0-97BD97D17E94}.Release|Any CPU.ActiveCfg = Release|Any CPU
		{D889FBE3-8807-478A-8DE0-97BD97D17E94}.Release|Any CPU.Build.0 = Release|Any CPU
		{FAD3007C-FF31-4FF8-8757-615809B94BEE}.Debug|Any CPU.ActiveCfg = Debug|Any CPU
		{FAD3007C-FF31-4FF8-8757-615809B94BEE}.Debug|Any CPU.Build.0 = Debug|Any CPU
		{FAD3007C-FF31-4FF8-8757-615809B94BEE}.Release|Any CPU.ActiveCfg = Release|Any CPU
		{FAD3007C-FF31-4FF8-8757-615809B94BEE}.Release|Any CPU.Build.0 = Release|Any CPU
		{212CFA87-317C-4B6F-9255-22691097EC26}.Debug|Any CPU.ActiveCfg = Debug|Any CPU
		{212CFA87-317C-4B6F-9255-22691097EC26}.Debug|Any CPU.Build.0 = Debug|Any CPU
		{212CFA87-317C-4B6F-9255-22691097EC26}.Release|Any CPU.ActiveCfg = Release|Any CPU
		{212CFA87-317C-4B6F-9255-22691097EC26}.Release|Any CPU.Build.0 = Release|Any CPU
		{C937B7D2-64F7-448E-8B49-2A3118196D62}.Debug|Any CPU.ActiveCfg = Debug|Any CPU
		{C937B7D2-64F7-448E-8B49-2A3118196D62}.Debug|Any CPU.Build.0 = Debug|Any CPU
		{C937B7D2-64F7-448E-8B49-2A3118196D62}.Release|Any CPU.ActiveCfg = Release|Any CPU
		{C937B7D2-64F7-448E-8B49-2A3118196D62}.Release|Any CPU.Build.0 = Release|Any CPU
		{D1856ACB-5A90-4D16-B720-C1104EC34CA6}.Debug|Any CPU.ActiveCfg = Debug|Any CPU
		{D1856ACB-5A90-4D16-B720-C1104EC34CA6}.Debug|Any CPU.Build.0 = Debug|Any CPU
		{D1856ACB-5A90-4D16-B720-C1104EC34CA6}.Release|Any CPU.ActiveCfg = Release|Any CPU
		{D1856ACB-5A90-4D16-B720-C1104EC34CA6}.Release|Any CPU.Build.0 = Release|Any CPU
		{690D8B65-6A07-4D45-B7F0-6C31452ECFF7}.Debug|Any CPU.ActiveCfg = Debug|Any CPU
		{690D8B65-6A07-4D45-B7F0-6C31452ECFF7}.Debug|Any CPU.Build.0 = Debug|Any CPU
		{690D8B65-6A07-4D45-B7F0-6C31452ECFF7}.Release|Any CPU.ActiveCfg = Release|Any CPU
		{690D8B65-6A07-4D45-B7F0-6C31452ECFF7}.Release|Any CPU.Build.0 = Release|Any CPU
		{E1E6E94A-535F-4B72-BBA0-0664C25C1F9F}.Debug|Any CPU.ActiveCfg = Debug|Any CPU
		{E1E6E94A-535F-4B72-BBA0-0664C25C1F9F}.Debug|Any CPU.Build.0 = Debug|Any CPU
		{E1E6E94A-535F-4B72-BBA0-0664C25C1F9F}.Release|Any CPU.ActiveCfg = Release|Any CPU
		{E1E6E94A-535F-4B72-BBA0-0664C25C1F9F}.Release|Any CPU.Build.0 = Release|Any CPU
		{2B9DF272-AAEA-4ABC-8998-7DBF42E15622}.Debug|Any CPU.ActiveCfg = Debug|Any CPU
		{2B9DF272-AAEA-4ABC-8998-7DBF42E15622}.Debug|Any CPU.Build.0 = Debug|Any CPU
		{2B9DF272-AAEA-4ABC-8998-7DBF42E15622}.Release|Any CPU.ActiveCfg = Release|Any CPU
		{2B9DF272-AAEA-4ABC-8998-7DBF42E15622}.Release|Any CPU.Build.0 = Release|Any CPU
	EndGlobalSection
	GlobalSection(NestedProjects) = preSolution
		{7B66167B-5A80-4CCC-A9A5-D8B51CC7C5CB} = {C435B349-741F-4E58-A9CD-9E1A606E8BE3}
		{F8C39E85-2C4A-4FFF-B4B3-91C38DEFCE87} = {C435B349-741F-4E58-A9CD-9E1A606E8BE3}
		{D889FBE3-8807-478A-8DE0-97BD97D17E94} = {C435B349-741F-4E58-A9CD-9E1A606E8BE3}
		{FAD3007C-FF31-4FF8-8757-615809B94BEE} = {C435B349-741F-4E58-A9CD-9E1A606E8BE3}
		{212CFA87-317C-4B6F-9255-22691097EC26} = {C435B349-741F-4E58-A9CD-9E1A606E8BE3}
		{C937B7D2-64F7-448E-8B49-2A3118196D62} = {C435B349-741F-4E58-A9CD-9E1A606E8BE3}
		{D1856ACB-5A90-4D16-B720-C1104EC34CA6} = {C435B349-741F-4E58-A9CD-9E1A606E8BE3}
		{690D8B65-6A07-4D45-B7F0-6C31452ECFF7} = {C435B349-741F-4E58-A9CD-9E1A606E8BE3}
		{E1E6E94A-535F-4B72-BBA0-0664C25C1F9F} = {C435B349-741F-4E58-A9CD-9E1A606E8BE3}
		{2B9DF272-AAEA-4ABC-8998-7DBF42E15622} = {C435B349-741F-4E58-A9CD-9E1A606E8BE3}
	EndGlobalSection
EndGlobal
